
Microsoft Visual Studio Solution File, Format Version 12.00
# Visual Studio 15
VisualStudioVersion = 15.0.26124.0
MinimumVisualStudioVersion = 15.0.26124.0
Project("{9A19103F-16F7-4668-BE54-9A1E7A4F7556}") = "R5T.Polidea.Construction", "R5T.Polidea.Construction\R5T.Polidea.Construction.csproj", "{1626AF0D-E3C2-436D-925E-E30F9A85312B}"
EndProject
Project("{9A19103F-16F7-4668-BE54-9A1E7A4F7556}") = "R5T.Polidea", "R5T.Polidea\R5T.Polidea.csproj", "{01E95D86-8E08-4A0A-89CB-504A254FCFDA}"
EndProject
Project("{9A19103F-16F7-4668-BE54-9A1E7A4F7556}") = "R5T.Polidea.Testing", "R5T.Polidea.Testing\R5T.Polidea.Testing.csproj", "{20D7D998-3EB2-4F27-8045-D791EB482457}"
EndProject
Project("{2150E333-8FDC-42A3-9474-1A3956D46DE8}") = "_Dependencies", "_Dependencies", "{5C0CBC14-17E1-4564-9268-A00D41493DE0}"
EndProject
Project("{9A19103F-16F7-4668-BE54-9A1E7A4F7556}") = "R5T.Aalborg", "..\..\R5T.Aalborg\source\R5T.Aalborg\R5T.Aalborg.csproj", "{4F135EE0-B341-4140-8779-739B8C5986A6}"
EndProject
Project("{9A19103F-16F7-4668-BE54-9A1E7A4F7556}") = "R5T.Polidea.Base", "R5T.Polidea.Base\R5T.Polidea.Base.csproj", "{E560AB0B-44E9-40D7-9AB7-261AA4F7A3B4}"
EndProject
Project("{9A19103F-16F7-4668-BE54-9A1E7A4F7556}") = "R5T.Polidea.Sardinia", "..\..\R5T.Polidea.Sardinia\source\R5T.Polidea.Sardinia\R5T.Polidea.Sardinia.csproj", "{6414EFE1-6049-4206-967E-8CA6B833D6A4}"
EndProject
Project("{9A19103F-16F7-4668-BE54-9A1E7A4F7556}") = "R5T.Sardinia", "..\..\R5T.Sardinia\source\R5T.Sardinia\R5T.Sardinia.csproj", "{5F32FA93-FC9D-4A0C-BBBD-5A1CC5D0F3CE}"
EndProject
Project("{9A19103F-16F7-4668-BE54-9A1E7A4F7556}") = "R5T.Exeter", "..\..\R5T.Exeter\source\R5T.Exeter\R5T.Exeter.csproj", "{CBDEC084-EDA3-47DF-8DFD-AC9834DA0A10}"
EndProject
Project("{9A19103F-16F7-4668-BE54-9A1E7A4F7556}") = "R5T.Chamavia.Extensions", "..\..\R5T.Chamavia.Extensions\source\R5T.Chamavia.Extensions\R5T.Chamavia.Extensions.csproj", "{311A9809-E70D-4D58-912A-757A2D05E72B}"
EndProject
Project("{9A19103F-16F7-4668-BE54-9A1E7A4F7556}") = "R5T.Chamavia", "..\..\R5T.Chamavia\source\R5T.Chamavia\R5T.Chamavia.csproj", "{A5121A5F-E7EB-4959-9851-363D2501A72A}"
EndProject
Project("{9A19103F-16F7-4668-BE54-9A1E7A4F7556}") = "R5T.Dacia", "..\..\R5T.Dacia\source\R5T.Dacia\R5T.Dacia.csproj", "{106F1E54-5537-43BB-8296-F5E15F82D13D}"
EndProject
Project("{9A19103F-16F7-4668-BE54-9A1E7A4F7556}") = "R5T.Dacia.Extensions", "..\..\R5T.Dacia.Extensions\source\R5T.Dacia.Extensions\R5T.Dacia.Extensions.csproj", "{E3DB17E4-99F1-41E7-A7FC-3070CC231C6B}"
EndProject
Project("{9A19103F-16F7-4668-BE54-9A1E7A4F7556}") = "R5T.Langobard.Extensions", "..\..\R5T.Langobard.Extensions\source\R5T.Langobard.Extensions\R5T.Langobard.Extensions.csproj", "{B241000F-45CC-48BC-8789-408AD5DBFC22}"
EndProject
Project("{9A19103F-16F7-4668-BE54-9A1E7A4F7556}") = "R5T.Langobard", "..\..\R5T.Langobard\source\R5T.Langobard\R5T.Langobard.csproj", "{098117AB-9E99-496C-A231-CF1BB1B87AF2}"
EndProject
Project("{9A19103F-16F7-4668-BE54-9A1E7A4F7556}") = "R5T.Opatia", "..\..\R5T.Opatia\source\R5T.Opatia\R5T.Opatia.csproj", "{DA8B6128-1A5D-410D-A3EC-8ADC5CEED84F}"
EndProject
Project("{9A19103F-16F7-4668-BE54-9A1E7A4F7556}") = "R5T.Polidea.Suebia", "..\..\R5T.Polidea.Suebia\source\R5T.Polidea.Suebia\R5T.Polidea.Suebia.csproj", "{8D5B6028-BD0D-4B23-8A5C-DE409FFEAC71}"
EndProject
Project("{9A19103F-16F7-4668-BE54-9A1E7A4F7556}") = "R5T.Suebia.Extensions", "..\..\R5T.Suebia.Extensions\source\R5T.Suebia.Extensions\R5T.Suebia.Extensions.csproj", "{4C3BDE80-94A0-45A9-BD55-E723C07AA2CC}"
EndProject
Project("{9A19103F-16F7-4668-BE54-9A1E7A4F7556}") = "R5T.Suebia.Base", "..\..\R5T.Suebia.Base\source\R5T.Suebia.Base\R5T.Suebia.Base.csproj", "{B2A586A7-3D86-4011-BAF1-FE54F46A9D29}"
EndProject
Project("{FAE04EC0-301F-11D3-BF4B-00C04F79EFBC}") = "R5T.Polidea.Default", "R5T.Polidea.Default\R5T.Polidea.Default.csproj", "{3A2CD36B-B673-4DF7-8F1E-114784C29DA8}"
EndProject
Project("{FAE04EC0-301F-11D3-BF4B-00C04F79EFBC}") = "R5T.Polidea.Standard", "R5T.Polidea.Standard\R5T.Polidea.Standard.csproj", "{DE9BF029-B690-4A7E-A3B0-69E56E219C9D}"
EndProject
Project("{FAE04EC0-301F-11D3-BF4B-00C04F79EFBC}") = "R5T.T0064", "..\..\R5T.T0064\source\R5T.T0064\R5T.T0064.csproj", "{01F5D5AE-2ADA-4F75-8115-FCED3BC651E1}"
EndProject
Global
	GlobalSection(SolutionConfigurationPlatforms) = preSolution
		Debug|Any CPU = Debug|Any CPU
		Debug|x64 = Debug|x64
		Debug|x86 = Debug|x86
		Release|Any CPU = Release|Any CPU
		Release|x64 = Release|x64
		Release|x86 = Release|x86
	EndGlobalSection
	GlobalSection(ProjectConfigurationPlatforms) = postSolution
		{1626AF0D-E3C2-436D-925E-E30F9A85312B}.Debug|Any CPU.ActiveCfg = Debug|Any CPU
		{1626AF0D-E3C2-436D-925E-E30F9A85312B}.Debug|Any CPU.Build.0 = Debug|Any CPU
		{1626AF0D-E3C2-436D-925E-E30F9A85312B}.Debug|x64.ActiveCfg = Debug|Any CPU
		{1626AF0D-E3C2-436D-925E-E30F9A85312B}.Debug|x64.Build.0 = Debug|Any CPU
		{1626AF0D-E3C2-436D-925E-E30F9A85312B}.Debug|x86.ActiveCfg = Debug|Any CPU
		{1626AF0D-E3C2-436D-925E-E30F9A85312B}.Debug|x86.Build.0 = Debug|Any CPU
		{1626AF0D-E3C2-436D-925E-E30F9A85312B}.Release|Any CPU.ActiveCfg = Release|Any CPU
		{1626AF0D-E3C2-436D-925E-E30F9A85312B}.Release|Any CPU.Build.0 = Release|Any CPU
		{1626AF0D-E3C2-436D-925E-E30F9A85312B}.Release|x64.ActiveCfg = Release|Any CPU
		{1626AF0D-E3C2-436D-925E-E30F9A85312B}.Release|x64.Build.0 = Release|Any CPU
		{1626AF0D-E3C2-436D-925E-E30F9A85312B}.Release|x86.ActiveCfg = Release|Any CPU
		{1626AF0D-E3C2-436D-925E-E30F9A85312B}.Release|x86.Build.0 = Release|Any CPU
		{01E95D86-8E08-4A0A-89CB-504A254FCFDA}.Debug|Any CPU.ActiveCfg = Debug|Any CPU
		{01E95D86-8E08-4A0A-89CB-504A254FCFDA}.Debug|Any CPU.Build.0 = Debug|Any CPU
		{01E95D86-8E08-4A0A-89CB-504A254FCFDA}.Debug|x64.ActiveCfg = Debug|Any CPU
		{01E95D86-8E08-4A0A-89CB-504A254FCFDA}.Debug|x64.Build.0 = Debug|Any CPU
		{01E95D86-8E08-4A0A-89CB-504A254FCFDA}.Debug|x86.ActiveCfg = Debug|Any CPU
		{01E95D86-8E08-4A0A-89CB-504A254FCFDA}.Debug|x86.Build.0 = Debug|Any CPU
		{01E95D86-8E08-4A0A-89CB-504A254FCFDA}.Release|Any CPU.ActiveCfg = Release|Any CPU
		{01E95D86-8E08-4A0A-89CB-504A254FCFDA}.Release|Any CPU.Build.0 = Release|Any CPU
		{01E95D86-8E08-4A0A-89CB-504A254FCFDA}.Release|x64.ActiveCfg = Release|Any CPU
		{01E95D86-8E08-4A0A-89CB-504A254FCFDA}.Release|x64.Build.0 = Release|Any CPU
		{01E95D86-8E08-4A0A-89CB-504A254FCFDA}.Release|x86.ActiveCfg = Release|Any CPU
		{01E95D86-8E08-4A0A-89CB-504A254FCFDA}.Release|x86.Build.0 = Release|Any CPU
		{20D7D998-3EB2-4F27-8045-D791EB482457}.Debug|Any CPU.ActiveCfg = Debug|Any CPU
		{20D7D998-3EB2-4F27-8045-D791EB482457}.Debug|Any CPU.Build.0 = Debug|Any CPU
		{20D7D998-3EB2-4F27-8045-D791EB482457}.Debug|x64.ActiveCfg = Debug|Any CPU
		{20D7D998-3EB2-4F27-8045-D791EB482457}.Debug|x64.Build.0 = Debug|Any CPU
		{20D7D998-3EB2-4F27-8045-D791EB482457}.Debug|x86.ActiveCfg = Debug|Any CPU
		{20D7D998-3EB2-4F27-8045-D791EB482457}.Debug|x86.Build.0 = Debug|Any CPU
		{20D7D998-3EB2-4F27-8045-D791EB482457}.Release|Any CPU.ActiveCfg = Release|Any CPU
		{20D7D998-3EB2-4F27-8045-D791EB482457}.Release|Any CPU.Build.0 = Release|Any CPU
		{20D7D998-3EB2-4F27-8045-D791EB482457}.Release|x64.ActiveCfg = Release|Any CPU
		{20D7D998-3EB2-4F27-8045-D791EB482457}.Release|x64.Build.0 = Release|Any CPU
		{20D7D998-3EB2-4F27-8045-D791EB482457}.Release|x86.ActiveCfg = Release|Any CPU
		{20D7D998-3EB2-4F27-8045-D791EB482457}.Release|x86.Build.0 = Release|Any CPU
		{4F135EE0-B341-4140-8779-739B8C5986A6}.Debug|Any CPU.ActiveCfg = Debug|Any CPU
		{4F135EE0-B341-4140-8779-739B8C5986A6}.Debug|Any CPU.Build.0 = Debug|Any CPU
		{4F135EE0-B341-4140-8779-739B8C5986A6}.Debug|x64.ActiveCfg = Debug|Any CPU
		{4F135EE0-B341-4140-8779-739B8C5986A6}.Debug|x64.Build.0 = Debug|Any CPU
		{4F135EE0-B341-4140-8779-739B8C5986A6}.Debug|x86.ActiveCfg = Debug|Any CPU
		{4F135EE0-B341-4140-8779-739B8C5986A6}.Debug|x86.Build.0 = Debug|Any CPU
		{4F135EE0-B341-4140-8779-739B8C5986A6}.Release|Any CPU.ActiveCfg = Release|Any CPU
		{4F135EE0-B341-4140-8779-739B8C5986A6}.Release|Any CPU.Build.0 = Release|Any CPU
		{4F135EE0-B341-4140-8779-739B8C5986A6}.Release|x64.ActiveCfg = Release|Any CPU
		{4F135EE0-B341-4140-8779-739B8C5986A6}.Release|x64.Build.0 = Release|Any CPU
		{4F135EE0-B341-4140-8779-739B8C5986A6}.Release|x86.ActiveCfg = Release|Any CPU
		{4F135EE0-B341-4140-8779-739B8C5986A6}.Release|x86.Build.0 = Release|Any CPU
		{E560AB0B-44E9-40D7-9AB7-261AA4F7A3B4}.Debug|Any CPU.ActiveCfg = Debug|Any CPU
		{E560AB0B-44E9-40D7-9AB7-261AA4F7A3B4}.Debug|Any CPU.Build.0 = Debug|Any CPU
		{E560AB0B-44E9-40D7-9AB7-261AA4F7A3B4}.Debug|x64.ActiveCfg = Debug|Any CPU
		{E560AB0B-44E9-40D7-9AB7-261AA4F7A3B4}.Debug|x64.Build.0 = Debug|Any CPU
		{E560AB0B-44E9-40D7-9AB7-261AA4F7A3B4}.Debug|x86.ActiveCfg = Debug|Any CPU
		{E560AB0B-44E9-40D7-9AB7-261AA4F7A3B4}.Debug|x86.Build.0 = Debug|Any CPU
		{E560AB0B-44E9-40D7-9AB7-261AA4F7A3B4}.Release|Any CPU.ActiveCfg = Release|Any CPU
		{E560AB0B-44E9-40D7-9AB7-261AA4F7A3B4}.Release|Any CPU.Build.0 = Release|Any CPU
		{E560AB0B-44E9-40D7-9AB7-261AA4F7A3B4}.Release|x64.ActiveCfg = Release|Any CPU
		{E560AB0B-44E9-40D7-9AB7-261AA4F7A3B4}.Release|x64.Build.0 = Release|Any CPU
		{E560AB0B-44E9-40D7-9AB7-261AA4F7A3B4}.Release|x86.ActiveCfg = Release|Any CPU
		{E560AB0B-44E9-40D7-9AB7-261AA4F7A3B4}.Release|x86.Build.0 = Release|Any CPU
		{6414EFE1-6049-4206-967E-8CA6B833D6A4}.Debug|Any CPU.ActiveCfg = Debug|Any CPU
		{6414EFE1-6049-4206-967E-8CA6B833D6A4}.Debug|Any CPU.Build.0 = Debug|Any CPU
		{6414EFE1-6049-4206-967E-8CA6B833D6A4}.Debug|x64.ActiveCfg = Debug|Any CPU
		{6414EFE1-6049-4206-967E-8CA6B833D6A4}.Debug|x64.Build.0 = Debug|Any CPU
		{6414EFE1-6049-4206-967E-8CA6B833D6A4}.Debug|x86.ActiveCfg = Debug|Any CPU
		{6414EFE1-6049-4206-967E-8CA6B833D6A4}.Debug|x86.Build.0 = Debug|Any CPU
		{6414EFE1-6049-4206-967E-8CA6B833D6A4}.Release|Any CPU.ActiveCfg = Release|Any CPU
		{6414EFE1-6049-4206-967E-8CA6B833D6A4}.Release|Any CPU.Build.0 = Release|Any CPU
		{6414EFE1-6049-4206-967E-8CA6B833D6A4}.Release|x64.ActiveCfg = Release|Any CPU
		{6414EFE1-6049-4206-967E-8CA6B833D6A4}.Release|x64.Build.0 = Release|Any CPU
		{6414EFE1-6049-4206-967E-8CA6B833D6A4}.Release|x86.ActiveCfg = Release|Any CPU
		{6414EFE1-6049-4206-967E-8CA6B833D6A4}.Release|x86.Build.0 = Release|Any CPU
		{5F32FA93-FC9D-4A0C-BBBD-5A1CC5D0F3CE}.Debug|Any CPU.ActiveCfg = Debug|Any CPU
		{5F32FA93-FC9D-4A0C-BBBD-5A1CC5D0F3CE}.Debug|Any CPU.Build.0 = Debug|Any CPU
		{5F32FA93-FC9D-4A0C-BBBD-5A1CC5D0F3CE}.Debug|x64.ActiveCfg = Debug|Any CPU
		{5F32FA93-FC9D-4A0C-BBBD-5A1CC5D0F3CE}.Debug|x64.Build.0 = Debug|Any CPU
		{5F32FA93-FC9D-4A0C-BBBD-5A1CC5D0F3CE}.Debug|x86.ActiveCfg = Debug|Any CPU
		{5F32FA93-FC9D-4A0C-BBBD-5A1CC5D0F3CE}.Debug|x86.Build.0 = Debug|Any CPU
		{5F32FA93-FC9D-4A0C-BBBD-5A1CC5D0F3CE}.Release|Any CPU.ActiveCfg = Release|Any CPU
		{5F32FA93-FC9D-4A0C-BBBD-5A1CC5D0F3CE}.Release|Any CPU.Build.0 = Release|Any CPU
		{5F32FA93-FC9D-4A0C-BBBD-5A1CC5D0F3CE}.Release|x64.ActiveCfg = Release|Any CPU
		{5F32FA93-FC9D-4A0C-BBBD-5A1CC5D0F3CE}.Release|x64.Build.0 = Release|Any CPU
		{5F32FA93-FC9D-4A0C-BBBD-5A1CC5D0F3CE}.Release|x86.ActiveCfg = Release|Any CPU
		{5F32FA93-FC9D-4A0C-BBBD-5A1CC5D0F3CE}.Release|x86.Build.0 = Release|Any CPU
		{CBDEC084-EDA3-47DF-8DFD-AC9834DA0A10}.Debug|Any CPU.ActiveCfg = Debug|Any CPU
		{CBDEC084-EDA3-47DF-8DFD-AC9834DA0A10}.Debug|Any CPU.Build.0 = Debug|Any CPU
		{CBDEC084-EDA3-47DF-8DFD-AC9834DA0A10}.Debug|x64.ActiveCfg = Debug|Any CPU
		{CBDEC084-EDA3-47DF-8DFD-AC9834DA0A10}.Debug|x64.Build.0 = Debug|Any CPU
		{CBDEC084-EDA3-47DF-8DFD-AC9834DA0A10}.Debug|x86.ActiveCfg = Debug|Any CPU
		{CBDEC084-EDA3-47DF-8DFD-AC9834DA0A10}.Debug|x86.Build.0 = Debug|Any CPU
		{CBDEC084-EDA3-47DF-8DFD-AC9834DA0A10}.Release|Any CPU.ActiveCfg = Release|Any CPU
		{CBDEC084-EDA3-47DF-8DFD-AC9834DA0A10}.Release|Any CPU.Build.0 = Release|Any CPU
		{CBDEC084-EDA3-47DF-8DFD-AC9834DA0A10}.Release|x64.ActiveCfg = Release|Any CPU
		{CBDEC084-EDA3-47DF-8DFD-AC9834DA0A10}.Release|x64.Build.0 = Release|Any CPU
		{CBDEC084-EDA3-47DF-8DFD-AC9834DA0A10}.Release|x86.ActiveCfg = Release|Any CPU
		{CBDEC084-EDA3-47DF-8DFD-AC9834DA0A10}.Release|x86.Build.0 = Release|Any CPU
		{311A9809-E70D-4D58-912A-757A2D05E72B}.Debug|Any CPU.ActiveCfg = Debug|Any CPU
		{311A9809-E70D-4D58-912A-757A2D05E72B}.Debug|Any CPU.Build.0 = Debug|Any CPU
		{311A9809-E70D-4D58-912A-757A2D05E72B}.Debug|x64.ActiveCfg = Debug|Any CPU
		{311A9809-E70D-4D58-912A-757A2D05E72B}.Debug|x64.Build.0 = Debug|Any CPU
		{311A9809-E70D-4D58-912A-757A2D05E72B}.Debug|x86.ActiveCfg = Debug|Any CPU
		{311A9809-E70D-4D58-912A-757A2D05E72B}.Debug|x86.Build.0 = Debug|Any CPU
		{311A9809-E70D-4D58-912A-757A2D05E72B}.Release|Any CPU.ActiveCfg = Release|Any CPU
		{311A9809-E70D-4D58-912A-757A2D05E72B}.Release|Any CPU.Build.0 = Release|Any CPU
		{311A9809-E70D-4D58-912A-757A2D05E72B}.Release|x64.ActiveCfg = Release|Any CPU
		{311A9809-E70D-4D58-912A-757A2D05E72B}.Release|x64.Build.0 = Release|Any CPU
		{311A9809-E70D-4D58-912A-757A2D05E72B}.Release|x86.ActiveCfg = Release|Any CPU
		{311A9809-E70D-4D58-912A-757A2D05E72B}.Release|x86.Build.0 = Release|Any CPU
		{A5121A5F-E7EB-4959-9851-363D2501A72A}.Debug|Any CPU.ActiveCfg = Debug|Any CPU
		{A5121A5F-E7EB-4959-9851-363D2501A72A}.Debug|Any CPU.Build.0 = Debug|Any CPU
		{A5121A5F-E7EB-4959-9851-363D2501A72A}.Debug|x64.ActiveCfg = Debug|Any CPU
		{A5121A5F-E7EB-4959-9851-363D2501A72A}.Debug|x64.Build.0 = Debug|Any CPU
		{A5121A5F-E7EB-4959-9851-363D2501A72A}.Debug|x86.ActiveCfg = Debug|Any CPU
		{A5121A5F-E7EB-4959-9851-363D2501A72A}.Debug|x86.Build.0 = Debug|Any CPU
		{A5121A5F-E7EB-4959-9851-363D2501A72A}.Release|Any CPU.ActiveCfg = Release|Any CPU
		{A5121A5F-E7EB-4959-9851-363D2501A72A}.Release|Any CPU.Build.0 = Release|Any CPU
		{A5121A5F-E7EB-4959-9851-363D2501A72A}.Release|x64.ActiveCfg = Release|Any CPU
		{A5121A5F-E7EB-4959-9851-363D2501A72A}.Release|x64.Build.0 = Release|Any CPU
		{A5121A5F-E7EB-4959-9851-363D2501A72A}.Release|x86.ActiveCfg = Release|Any CPU
		{A5121A5F-E7EB-4959-9851-363D2501A72A}.Release|x86.Build.0 = Release|Any CPU
		{106F1E54-5537-43BB-8296-F5E15F82D13D}.Debug|Any CPU.ActiveCfg = Debug|Any CPU
		{106F1E54-5537-43BB-8296-F5E15F82D13D}.Debug|Any CPU.Build.0 = Debug|Any CPU
		{106F1E54-5537-43BB-8296-F5E15F82D13D}.Debug|x64.ActiveCfg = Debug|Any CPU
		{106F1E54-5537-43BB-8296-F5E15F82D13D}.Debug|x64.Build.0 = Debug|Any CPU
		{106F1E54-5537-43BB-8296-F5E15F82D13D}.Debug|x86.ActiveCfg = Debug|Any CPU
		{106F1E54-5537-43BB-8296-F5E15F82D13D}.Debug|x86.Build.0 = Debug|Any CPU
		{106F1E54-5537-43BB-8296-F5E15F82D13D}.Release|Any CPU.ActiveCfg = Release|Any CPU
		{106F1E54-5537-43BB-8296-F5E15F82D13D}.Release|Any CPU.Build.0 = Release|Any CPU
		{106F1E54-5537-43BB-8296-F5E15F82D13D}.Release|x64.ActiveCfg = Release|Any CPU
		{106F1E54-5537-43BB-8296-F5E15F82D13D}.Release|x64.Build.0 = Release|Any CPU
		{106F1E54-5537-43BB-8296-F5E15F82D13D}.Release|x86.ActiveCfg = Release|Any CPU
		{106F1E54-5537-43BB-8296-F5E15F82D13D}.Release|x86.Build.0 = Release|Any CPU
		{E3DB17E4-99F1-41E7-A7FC-3070CC231C6B}.Debug|Any CPU.ActiveCfg = Debug|Any CPU
		{E3DB17E4-99F1-41E7-A7FC-3070CC231C6B}.Debug|Any CPU.Build.0 = Debug|Any CPU
		{E3DB17E4-99F1-41E7-A7FC-3070CC231C6B}.Debug|x64.ActiveCfg = Debug|Any CPU
		{E3DB17E4-99F1-41E7-A7FC-3070CC231C6B}.Debug|x64.Build.0 = Debug|Any CPU
		{E3DB17E4-99F1-41E7-A7FC-3070CC231C6B}.Debug|x86.ActiveCfg = Debug|Any CPU
		{E3DB17E4-99F1-41E7-A7FC-3070CC231C6B}.Debug|x86.Build.0 = Debug|Any CPU
		{E3DB17E4-99F1-41E7-A7FC-3070CC231C6B}.Release|Any CPU.ActiveCfg = Release|Any CPU
		{E3DB17E4-99F1-41E7-A7FC-3070CC231C6B}.Release|Any CPU.Build.0 = Release|Any CPU
		{E3DB17E4-99F1-41E7-A7FC-3070CC231C6B}.Release|x64.ActiveCfg = Release|Any CPU
		{E3DB17E4-99F1-41E7-A7FC-3070CC231C6B}.Release|x64.Build.0 = Release|Any CPU
		{E3DB17E4-99F1-41E7-A7FC-3070CC231C6B}.Release|x86.ActiveCfg = Release|Any CPU
		{E3DB17E4-99F1-41E7-A7FC-3070CC231C6B}.Release|x86.Build.0 = Release|Any CPU
		{B241000F-45CC-48BC-8789-408AD5DBFC22}.Debug|Any CPU.ActiveCfg = Debug|Any CPU
		{B241000F-45CC-48BC-8789-408AD5DBFC22}.Debug|Any CPU.Build.0 = Debug|Any CPU
		{B241000F-45CC-48BC-8789-408AD5DBFC22}.Debug|x64.ActiveCfg = Debug|Any CPU
		{B241000F-45CC-48BC-8789-408AD5DBFC22}.Debug|x64.Build.0 = Debug|Any CPU
		{B241000F-45CC-48BC-8789-408AD5DBFC22}.Debug|x86.ActiveCfg = Debug|Any CPU
		{B241000F-45CC-48BC-8789-408AD5DBFC22}.Debug|x86.Build.0 = Debug|Any CPU
		{B241000F-45CC-48BC-8789-408AD5DBFC22}.Release|Any CPU.ActiveCfg = Release|Any CPU
		{B241000F-45CC-48BC-8789-408AD5DBFC22}.Release|Any CPU.Build.0 = Release|Any CPU
		{B241000F-45CC-48BC-8789-408AD5DBFC22}.Release|x64.ActiveCfg = Release|Any CPU
		{B241000F-45CC-48BC-8789-408AD5DBFC22}.Release|x64.Build.0 = Release|Any CPU
		{B241000F-45CC-48BC-8789-408AD5DBFC22}.Release|x86.ActiveCfg = Release|Any CPU
		{B241000F-45CC-48BC-8789-408AD5DBFC22}.Release|x86.Build.0 = Release|Any CPU
		{098117AB-9E99-496C-A231-CF1BB1B87AF2}.Debug|Any CPU.ActiveCfg = Debug|Any CPU
		{098117AB-9E99-496C-A231-CF1BB1B87AF2}.Debug|Any CPU.Build.0 = Debug|Any CPU
		{098117AB-9E99-496C-A231-CF1BB1B87AF2}.Debug|x64.ActiveCfg = Debug|Any CPU
		{098117AB-9E99-496C-A231-CF1BB1B87AF2}.Debug|x64.Build.0 = Debug|Any CPU
		{098117AB-9E99-496C-A231-CF1BB1B87AF2}.Debug|x86.ActiveCfg = Debug|Any CPU
		{098117AB-9E99-496C-A231-CF1BB1B87AF2}.Debug|x86.Build.0 = Debug|Any CPU
		{098117AB-9E99-496C-A231-CF1BB1B87AF2}.Release|Any CPU.ActiveCfg = Release|Any CPU
		{098117AB-9E99-496C-A231-CF1BB1B87AF2}.Release|Any CPU.Build.0 = Release|Any CPU
		{098117AB-9E99-496C-A231-CF1BB1B87AF2}.Release|x64.ActiveCfg = Release|Any CPU
		{098117AB-9E99-496C-A231-CF1BB1B87AF2}.Release|x64.Build.0 = Release|Any CPU
		{098117AB-9E99-496C-A231-CF1BB1B87AF2}.Release|x86.ActiveCfg = Release|Any CPU
		{098117AB-9E99-496C-A231-CF1BB1B87AF2}.Release|x86.Build.0 = Release|Any CPU
		{DA8B6128-1A5D-410D-A3EC-8ADC5CEED84F}.Debug|Any CPU.ActiveCfg = Debug|Any CPU
		{DA8B6128-1A5D-410D-A3EC-8ADC5CEED84F}.Debug|Any CPU.Build.0 = Debug|Any CPU
		{DA8B6128-1A5D-410D-A3EC-8ADC5CEED84F}.Debug|x64.ActiveCfg = Debug|Any CPU
		{DA8B6128-1A5D-410D-A3EC-8ADC5CEED84F}.Debug|x64.Build.0 = Debug|Any CPU
		{DA8B6128-1A5D-410D-A3EC-8ADC5CEED84F}.Debug|x86.ActiveCfg = Debug|Any CPU
		{DA8B6128-1A5D-410D-A3EC-8ADC5CEED84F}.Debug|x86.Build.0 = Debug|Any CPU
		{DA8B6128-1A5D-410D-A3EC-8ADC5CEED84F}.Release|Any CPU.ActiveCfg = Release|Any CPU
		{DA8B6128-1A5D-410D-A3EC-8ADC5CEED84F}.Release|Any CPU.Build.0 = Release|Any CPU
		{DA8B6128-1A5D-410D-A3EC-8ADC5CEED84F}.Release|x64.ActiveCfg = Release|Any CPU
		{DA8B6128-1A5D-410D-A3EC-8ADC5CEED84F}.Release|x64.Build.0 = Release|Any CPU
		{DA8B6128-1A5D-410D-A3EC-8ADC5CEED84F}.Release|x86.ActiveCfg = Release|Any CPU
		{DA8B6128-1A5D-410D-A3EC-8ADC5CEED84F}.Release|x86.Build.0 = Release|Any CPU
		{8D5B6028-BD0D-4B23-8A5C-DE409FFEAC71}.Debug|Any CPU.ActiveCfg = Debug|Any CPU
		{8D5B6028-BD0D-4B23-8A5C-DE409FFEAC71}.Debug|Any CPU.Build.0 = Debug|Any CPU
		{8D5B6028-BD0D-4B23-8A5C-DE409FFEAC71}.Debug|x64.ActiveCfg = Debug|Any CPU
		{8D5B6028-BD0D-4B23-8A5C-DE409FFEAC71}.Debug|x64.Build.0 = Debug|Any CPU
		{8D5B6028-BD0D-4B23-8A5C-DE409FFEAC71}.Debug|x86.ActiveCfg = Debug|Any CPU
		{8D5B6028-BD0D-4B23-8A5C-DE409FFEAC71}.Debug|x86.Build.0 = Debug|Any CPU
		{8D5B6028-BD0D-4B23-8A5C-DE409FFEAC71}.Release|Any CPU.ActiveCfg = Release|Any CPU
		{8D5B6028-BD0D-4B23-8A5C-DE409FFEAC71}.Release|Any CPU.Build.0 = Release|Any CPU
		{8D5B6028-BD0D-4B23-8A5C-DE409FFEAC71}.Release|x64.ActiveCfg = Release|Any CPU
		{8D5B6028-BD0D-4B23-8A5C-DE409FFEAC71}.Release|x64.Build.0 = Release|Any CPU
		{8D5B6028-BD0D-4B23-8A5C-DE409FFEAC71}.Release|x86.ActiveCfg = Release|Any CPU
		{8D5B6028-BD0D-4B23-8A5C-DE409FFEAC71}.Release|x86.Build.0 = Release|Any CPU
		{4C3BDE80-94A0-45A9-BD55-E723C07AA2CC}.Debug|Any CPU.ActiveCfg = Debug|Any CPU
		{4C3BDE80-94A0-45A9-BD55-E723C07AA2CC}.Debug|Any CPU.Build.0 = Debug|Any CPU
		{4C3BDE80-94A0-45A9-BD55-E723C07AA2CC}.Debug|x64.ActiveCfg = Debug|Any CPU
		{4C3BDE80-94A0-45A9-BD55-E723C07AA2CC}.Debug|x64.Build.0 = Debug|Any CPU
		{4C3BDE80-94A0-45A9-BD55-E723C07AA2CC}.Debug|x86.ActiveCfg = Debug|Any CPU
		{4C3BDE80-94A0-45A9-BD55-E723C07AA2CC}.Debug|x86.Build.0 = Debug|Any CPU
		{4C3BDE80-94A0-45A9-BD55-E723C07AA2CC}.Release|Any CPU.ActiveCfg = Release|Any CPU
		{4C3BDE80-94A0-45A9-BD55-E723C07AA2CC}.Release|Any CPU.Build.0 = Release|Any CPU
		{4C3BDE80-94A0-45A9-BD55-E723C07AA2CC}.Release|x64.ActiveCfg = Release|Any CPU
		{4C3BDE80-94A0-45A9-BD55-E723C07AA2CC}.Release|x64.Build.0 = Release|Any CPU
		{4C3BDE80-94A0-45A9-BD55-E723C07AA2CC}.Release|x86.ActiveCfg = Release|Any CPU
		{4C3BDE80-94A0-45A9-BD55-E723C07AA2CC}.Release|x86.Build.0 = Release|Any CPU
		{B2A586A7-3D86-4011-BAF1-FE54F46A9D29}.Debug|Any CPU.ActiveCfg = Debug|Any CPU
		{B2A586A7-3D86-4011-BAF1-FE54F46A9D29}.Debug|Any CPU.Build.0 = Debug|Any CPU
		{B2A586A7-3D86-4011-BAF1-FE54F46A9D29}.Debug|x64.ActiveCfg = Debug|Any CPU
		{B2A586A7-3D86-4011-BAF1-FE54F46A9D29}.Debug|x64.Build.0 = Debug|Any CPU
		{B2A586A7-3D86-4011-BAF1-FE54F46A9D29}.Debug|x86.ActiveCfg = Debug|Any CPU
		{B2A586A7-3D86-4011-BAF1-FE54F46A9D29}.Debug|x86.Build.0 = Debug|Any CPU
		{B2A586A7-3D86-4011-BAF1-FE54F46A9D29}.Release|Any CPU.ActiveCfg = Release|Any CPU
		{B2A586A7-3D86-4011-BAF1-FE54F46A9D29}.Release|Any CPU.Build.0 = Release|Any CPU
		{B2A586A7-3D86-4011-BAF1-FE54F46A9D29}.Release|x64.ActiveCfg = Release|Any CPU
		{B2A586A7-3D86-4011-BAF1-FE54F46A9D29}.Release|x64.Build.0 = Release|Any CPU
		{B2A586A7-3D86-4011-BAF1-FE54F46A9D29}.Release|x86.ActiveCfg = Release|Any CPU
		{B2A586A7-3D86-4011-BAF1-FE54F46A9D29}.Release|x86.Build.0 = Release|Any CPU
		{3A2CD36B-B673-4DF7-8F1E-114784C29DA8}.Debug|Any CPU.ActiveCfg = Debug|Any CPU
		{3A2CD36B-B673-4DF7-8F1E-114784C29DA8}.Debug|Any CPU.Build.0 = Debug|Any CPU
		{3A2CD36B-B673-4DF7-8F1E-114784C29DA8}.Debug|x64.ActiveCfg = Debug|Any CPU
		{3A2CD36B-B673-4DF7-8F1E-114784C29DA8}.Debug|x64.Build.0 = Debug|Any CPU
		{3A2CD36B-B673-4DF7-8F1E-114784C29DA8}.Debug|x86.ActiveCfg = Debug|Any CPU
		{3A2CD36B-B673-4DF7-8F1E-114784C29DA8}.Debug|x86.Build.0 = Debug|Any CPU
		{3A2CD36B-B673-4DF7-8F1E-114784C29DA8}.Release|Any CPU.ActiveCfg = Release|Any CPU
		{3A2CD36B-B673-4DF7-8F1E-114784C29DA8}.Release|Any CPU.Build.0 = Release|Any CPU
		{3A2CD36B-B673-4DF7-8F1E-114784C29DA8}.Release|x64.ActiveCfg = Release|Any CPU
		{3A2CD36B-B673-4DF7-8F1E-114784C29DA8}.Release|x64.Build.0 = Release|Any CPU
		{3A2CD36B-B673-4DF7-8F1E-114784C29DA8}.Release|x86.ActiveCfg = Release|Any CPU
		{3A2CD36B-B673-4DF7-8F1E-114784C29DA8}.Release|x86.Build.0 = Release|Any CPU
		{DE9BF029-B690-4A7E-A3B0-69E56E219C9D}.Debug|Any CPU.ActiveCfg = Debug|Any CPU
		{DE9BF029-B690-4A7E-A3B0-69E56E219C9D}.Debug|Any CPU.Build.0 = Debug|Any CPU
		{DE9BF029-B690-4A7E-A3B0-69E56E219C9D}.Debug|x64.ActiveCfg = Debug|Any CPU
		{DE9BF029-B690-4A7E-A3B0-69E56E219C9D}.Debug|x64.Build.0 = Debug|Any CPU
		{DE9BF029-B690-4A7E-A3B0-69E56E219C9D}.Debug|x86.ActiveCfg = Debug|Any CPU
		{DE9BF029-B690-4A7E-A3B0-69E56E219C9D}.Debug|x86.Build.0 = Debug|Any CPU
		{DE9BF029-B690-4A7E-A3B0-69E56E219C9D}.Release|Any CPU.ActiveCfg = Release|Any CPU
		{DE9BF029-B690-4A7E-A3B0-69E56E219C9D}.Release|Any CPU.Build.0 = Release|Any CPU
		{DE9BF029-B690-4A7E-A3B0-69E56E219C9D}.Release|x64.ActiveCfg = Release|Any CPU
		{DE9BF029-B690-4A7E-A3B0-69E56E219C9D}.Release|x64.Build.0 = Release|Any CPU
		{DE9BF029-B690-4A7E-A3B0-69E56E219C9D}.Release|x86.ActiveCfg = Release|Any CPU
		{DE9BF029-B690-4A7E-A3B0-69E56E219C9D}.Release|x86.Build.0 = Release|Any CPU
		{01F5D5AE-2ADA-4F75-8115-FCED3BC651E1}.Debug|Any CPU.ActiveCfg = Debug|Any CPU
		{01F5D5AE-2ADA-4F75-8115-FCED3BC651E1}.Debug|Any CPU.Build.0 = Debug|Any CPU
		{01F5D5AE-2ADA-4F75-8115-FCED3BC651E1}.Debug|x64.ActiveCfg = Debug|Any CPU
		{01F5D5AE-2ADA-4F75-8115-FCED3BC651E1}.Debug|x64.Build.0 = Debug|Any CPU
		{01F5D5AE-2ADA-4F75-8115-FCED3BC651E1}.Debug|x86.ActiveCfg = Debug|Any CPU
		{01F5D5AE-2ADA-4F75-8115-FCED3BC651E1}.Debug|x86.Build.0 = Debug|Any CPU
		{01F5D5AE-2ADA-4F75-8115-FCED3BC651E1}.Release|Any CPU.ActiveCfg = Release|Any CPU
		{01F5D5AE-2ADA-4F75-8115-FCED3BC651E1}.Release|Any CPU.Build.0 = Release|Any CPU
		{01F5D5AE-2ADA-4F75-8115-FCED3BC651E1}.Release|x64.ActiveCfg = Release|Any CPU
		{01F5D5AE-2ADA-4F75-8115-FCED3BC651E1}.Release|x64.Build.0 = Release|Any CPU
		{01F5D5AE-2ADA-4F75-8115-FCED3BC651E1}.Release|x86.ActiveCfg = Release|Any CPU
		{01F5D5AE-2ADA-4F75-8115-FCED3BC651E1}.Release|x86.Build.0 = Release|Any CPU
	EndGlobalSection
	GlobalSection(SolutionProperties) = preSolution
		HideSolutionNode = FALSE
	EndGlobalSection
	GlobalSection(NestedProjects) = preSolution
		{4F135EE0-B341-4140-8779-739B8C5986A6} = {5C0CBC14-17E1-4564-9268-A00D41493DE0}
		{5F32FA93-FC9D-4A0C-BBBD-5A1CC5D0F3CE} = {5C0CBC14-17E1-4564-9268-A00D41493DE0}
		{CBDEC084-EDA3-47DF-8DFD-AC9834DA0A10} = {5C0CBC14-17E1-4564-9268-A00D41493DE0}
		{311A9809-E70D-4D58-912A-757A2D05E72B} = {5C0CBC14-17E1-4564-9268-A00D41493DE0}
		{A5121A5F-E7EB-4959-9851-363D2501A72A} = {5C0CBC14-17E1-4564-9268-A00D41493DE0}
		{106F1E54-5537-43BB-8296-F5E15F82D13D} = {5C0CBC14-17E1-4564-9268-A00D41493DE0}
		{E3DB17E4-99F1-41E7-A7FC-3070CC231C6B} = {5C0CBC14-17E1-4564-9268-A00D41493DE0}
		{B241000F-45CC-48BC-8789-408AD5DBFC22} = {5C0CBC14-17E1-4564-9268-A00D41493DE0}
		{098117AB-9E99-496C-A231-CF1BB1B87AF2} = {5C0CBC14-17E1-4564-9268-A00D41493DE0}
		{DA8B6128-1A5D-410D-A3EC-8ADC5CEED84F} = {5C0CBC14-17E1-4564-9268-A00D41493DE0}
		{4C3BDE80-94A0-45A9-BD55-E723C07AA2CC} = {5C0CBC14-17E1-4564-9268-A00D41493DE0}
		{B2A586A7-3D86-4011-BAF1-FE54F46A9D29} = {5C0CBC14-17E1-4564-9268-A00D41493DE0}
		{01F5D5AE-2ADA-4F75-8115-FCED3BC651E1} = {5C0CBC14-17E1-4564-9268-A00D41493DE0}
	EndGlobalSection
	GlobalSection(ExtensibilityGlobals) = postSolution
		SolutionGuid = {C23C0567-FA63-425E-B437-807556B53993}
	EndGlobalSection
EndGlobal
